// !$*UTF8*$!
{
	archiveVersion = 1;
	classes = {
	};
	objectVersion = 48;
	objects = {

/* Begin PBXBuildFile section */
		8C0CA9C51FA2E08C00FFA3E0 /* Box.swift in Sources */ = {isa = PBXBuildFile; fileRef = 8C0CA9C41FA2E08C00FFA3E0 /* Box.swift */; };
		8C429B211FA167810005753C /* AppDelegate.swift in Sources */ = {isa = PBXBuildFile; fileRef = 8C429B201FA167810005753C /* AppDelegate.swift */; };
		8C429B261FA167810005753C /* Main.storyboard in Resources */ = {isa = PBXBuildFile; fileRef = 8C429B241FA167810005753C /* Main.storyboard */; };
		8C429B281FA167810005753C /* Assets.xcassets in Resources */ = {isa = PBXBuildFile; fileRef = 8C429B271FA167810005753C /* Assets.xcassets */; };
		8C429B2B1FA167810005753C /* LaunchScreen.storyboard in Resources */ = {isa = PBXBuildFile; fileRef = 8C429B291FA167810005753C /* LaunchScreen.storyboard */; };
		8C429B361FA167810005753C /* siaAppTests.swift in Sources */ = {isa = PBXBuildFile; fileRef = 8C429B351FA167810005753C /* siaAppTests.swift */; };
		8C429B411FA167810005753C /* siaAppUITests.swift in Sources */ = {isa = PBXBuildFile; fileRef = 8C429B401FA167810005753C /* siaAppUITests.swift */; };
		8C429B511FA16E900005753C /* ViewController.swift in Sources */ = {isa = PBXBuildFile; fileRef = 8C429B4E1FA1696D0005753C /* ViewController.swift */; };
		8CAFC57F1FA174F700ED24AD /* SphereNode.swift in Sources */ = {isa = PBXBuildFile; fileRef = 8CAFC57E1FA174F700ED24AD /* SphereNode.swift */; };
/* End PBXBuildFile section */

/* Begin PBXContainerItemProxy section */
		8C429B321FA167810005753C /* PBXContainerItemProxy */ = {
			isa = PBXContainerItemProxy;
			containerPortal = 8C429B151FA167810005753C /* Project object */;
			proxyType = 1;
			remoteGlobalIDString = 8C429B1C1FA167810005753C;
			remoteInfo = siaApp;
		};
		8C429B3D1FA167810005753C /* PBXContainerItemProxy */ = {
			isa = PBXContainerItemProxy;
			containerPortal = 8C429B151FA167810005753C /* Project object */;
			proxyType = 1;
			remoteGlobalIDString = 8C429B1C1FA167810005753C;
			remoteInfo = siaApp;
		};
/* End PBXContainerItemProxy section */

/* Begin PBXFileReference section */
		8C0CA9C41FA2E08C00FFA3E0 /* Box.swift */ = {isa = PBXFileReference; lastKnownFileType = sourcecode.swift; path = Box.swift; sourceTree = "<group>"; };
		8C429B1D1FA167810005753C /* siaApp.app */ = {isa = PBXFileReference; explicitFileType = wrapper.application; includeInIndex = 0; path = siaApp.app; sourceTree = BUILT_PRODUCTS_DIR; };
		8C429B201FA167810005753C /* AppDelegate.swift */ = {isa = PBXFileReference; lastKnownFileType = sourcecode.swift; path = AppDelegate.swift; sourceTree = "<group>"; };
		8C429B251FA167810005753C /* Base */ = {isa = PBXFileReference; lastKnownFileType = file.storyboard; name = Base; path = Base.lproj/Main.storyboard; sourceTree = "<group>"; };
		8C429B271FA167810005753C /* Assets.xcassets */ = {isa = PBXFileReference; lastKnownFileType = folder.assetcatalog; path = Assets.xcassets; sourceTree = "<group>"; };
		8C429B2A1FA167810005753C /* Base */ = {isa = PBXFileReference; lastKnownFileType = file.storyboard; name = Base; path = Base.lproj/LaunchScreen.storyboard; sourceTree = "<group>"; };
		8C429B2C1FA167810005753C /* Info.plist */ = {isa = PBXFileReference; lastKnownFileType = text.plist.xml; path = Info.plist; sourceTree = "<group>"; };
		8C429B311FA167810005753C /* siaAppTests.xctest */ = {isa = PBXFileReference; explicitFileType = wrapper.cfbundle; includeInIndex = 0; path = siaAppTests.xctest; sourceTree = BUILT_PRODUCTS_DIR; };
		8C429B351FA167810005753C /* siaAppTests.swift */ = {isa = PBXFileReference; lastKnownFileType = sourcecode.swift; path = siaAppTests.swift; sourceTree = "<group>"; };
		8C429B371FA167810005753C /* Info.plist */ = {isa = PBXFileReference; lastKnownFileType = text.plist.xml; path = Info.plist; sourceTree = "<group>"; };
		8C429B3C1FA167810005753C /* siaAppUITests.xctest */ = {isa = PBXFileReference; explicitFileType = wrapper.cfbundle; includeInIndex = 0; path = siaAppUITests.xctest; sourceTree = BUILT_PRODUCTS_DIR; };
		8C429B401FA167810005753C /* siaAppUITests.swift */ = {isa = PBXFileReference; lastKnownFileType = sourcecode.swift; path = siaAppUITests.swift; sourceTree = "<group>"; };
		8C429B421FA167810005753C /* Info.plist */ = {isa = PBXFileReference; lastKnownFileType = text.plist.xml; path = Info.plist; sourceTree = "<group>"; };
		8C429B4E1FA1696D0005753C /* ViewController.swift */ = {isa = PBXFileReference; lastKnownFileType = sourcecode.swift; path = ViewController.swift; sourceTree = "<group>"; };
		8CAFC57E1FA174F700ED24AD /* SphereNode.swift */ = {isa = PBXFileReference; lastKnownFileType = sourcecode.swift; path = SphereNode.swift; sourceTree = "<group>"; };
/* End PBXFileReference section */

/* Begin PBXFrameworksBuildPhase section */
		8C429B1A1FA167810005753C /* Frameworks */ = {
			isa = PBXFrameworksBuildPhase;
			buildActionMask = 2147483647;
			files = (
			);
			runOnlyForDeploymentPostprocessing = 0;
		};
		8C429B2E1FA167810005753C /* Frameworks */ = {
			isa = PBXFrameworksBuildPhase;
			buildActionMask = 2147483647;
			files = (
			);
			runOnlyForDeploymentPostprocessing = 0;
		};
		8C429B391FA167810005753C /* Frameworks */ = {
			isa = PBXFrameworksBuildPhase;
			buildActionMask = 2147483647;
			files = (
			);
			runOnlyForDeploymentPostprocessing = 0;
		};
/* End PBXFrameworksBuildPhase section */

/* Begin PBXGroup section */
		8C429B141FA167810005753C = {
			isa = PBXGroup;
			children = (
				8C429B1F1FA167810005753C /* siaApp */,
				8C429B341FA167810005753C /* siaAppTests */,
				8C429B3F1FA167810005753C /* siaAppUITests */,
				8C429B1E1FA167810005753C /* Products */,
			);
			sourceTree = "<group>";
		};
		8C429B1E1FA167810005753C /* Products */ = {
			isa = PBXGroup;
			children = (
				8C429B1D1FA167810005753C /* siaApp.app */,
				8C429B311FA167810005753C /* siaAppTests.xctest */,
				8C429B3C1FA167810005753C /* siaAppUITests.xctest */,
			);
			name = Products;
			sourceTree = "<group>";
		};
		8C429B1F1FA167810005753C /* siaApp */ = {
			isa = PBXGroup;
			children = (
				8C429B201FA167810005753C /* AppDelegate.swift */,
				8C429B4E1FA1696D0005753C /* ViewController.swift */,
				8C429B241FA167810005753C /* Main.storyboard */,
				8C429B271FA167810005753C /* Assets.xcassets */,
				8C429B291FA167810005753C /* LaunchScreen.storyboard */,
				8C429B2C1FA167810005753C /* Info.plist */,
				8CAFC57E1FA174F700ED24AD /* SphereNode.swift */,
				8C0CA9C41FA2E08C00FFA3E0 /* Box.swift */,
			);
			path = siaApp;
			sourceTree = "<group>";
		};
		8C429B341FA167810005753C /* siaAppTests */ = {
			isa = PBXGroup;
			children = (
				8C429B351FA167810005753C /* siaAppTests.swift */,
				8C429B371FA167810005753C /* Info.plist */,
			);
			path = siaAppTests;
			sourceTree = "<group>";
		};
		8C429B3F1FA167810005753C /* siaAppUITests */ = {
			isa = PBXGroup;
			children = (
				8C429B401FA167810005753C /* siaAppUITests.swift */,
				8C429B421FA167810005753C /* Info.plist */,
			);
			path = siaAppUITests;
			sourceTree = "<group>";
		};
/* End PBXGroup section */

/* Begin PBXNativeTarget section */
		8C429B1C1FA167810005753C /* siaApp */ = {
			isa = PBXNativeTarget;
			buildConfigurationList = 8C429B451FA167810005753C /* Build configuration list for PBXNativeTarget "siaApp" */;
			buildPhases = (
				8C429B191FA167810005753C /* Sources */,
				8C429B1A1FA167810005753C /* Frameworks */,
				8C429B1B1FA167810005753C /* Resources */,
			);
			buildRules = (
			);
			dependencies = (
			);
			name = siaApp;
			productName = siaApp;
			productReference = 8C429B1D1FA167810005753C /* siaApp.app */;
			productType = "com.apple.product-type.application";
		};
		8C429B301FA167810005753C /* siaAppTests */ = {
			isa = PBXNativeTarget;
			buildConfigurationList = 8C429B481FA167810005753C /* Build configuration list for PBXNativeTarget "siaAppTests" */;
			buildPhases = (
				8C429B2D1FA167810005753C /* Sources */,
				8C429B2E1FA167810005753C /* Frameworks */,
				8C429B2F1FA167810005753C /* Resources */,
			);
			buildRules = (
			);
			dependencies = (
				8C429B331FA167810005753C /* PBXTargetDependency */,
			);
			name = siaAppTests;
			productName = siaAppTests;
			productReference = 8C429B311FA167810005753C /* siaAppTests.xctest */;
			productType = "com.apple.product-type.bundle.unit-test";
		};
		8C429B3B1FA167810005753C /* siaAppUITests */ = {
			isa = PBXNativeTarget;
			buildConfigurationList = 8C429B4B1FA167810005753C /* Build configuration list for PBXNativeTarget "siaAppUITests" */;
			buildPhases = (
				8C429B381FA167810005753C /* Sources */,
				8C429B391FA167810005753C /* Frameworks */,
				8C429B3A1FA167810005753C /* Resources */,
			);
			buildRules = (
			);
			dependencies = (
				8C429B3E1FA167810005753C /* PBXTargetDependency */,
			);
			name = siaAppUITests;
			productName = siaAppUITests;
			productReference = 8C429B3C1FA167810005753C /* siaAppUITests.xctest */;
			productType = "com.apple.product-type.bundle.ui-testing";
		};
/* End PBXNativeTarget section */

/* Begin PBXProject section */
		8C429B151FA167810005753C /* Project object */ = {
			isa = PBXProject;
			attributes = {
				KnownAssetTags = (
					UILabel,
				);
				LastSwiftUpdateCheck = 0910;
				LastUpgradeCheck = 0910;
				ORGANIZATIONNAME = "Amanda Ng";
				TargetAttributes = {
					8C429B1C1FA167810005753C = {
						CreatedOnToolsVersion = 9.1;
						ProvisioningStyle = Automatic;
					};
					8C429B301FA167810005753C = {
						CreatedOnToolsVersion = 9.1;
						ProvisioningStyle = Automatic;
						TestTargetID = 8C429B1C1FA167810005753C;
					};
					8C429B3B1FA167810005753C = {
						CreatedOnToolsVersion = 9.1;
						ProvisioningStyle = Automatic;
						TestTargetID = 8C429B1C1FA167810005753C;
					};
				};
			};
			buildConfigurationList = 8C429B181FA167810005753C /* Build configuration list for PBXProject "siaApp" */;
			compatibilityVersion = "Xcode 8.0";
			developmentRegion = en;
			hasScannedForEncodings = 0;
			knownRegions = (
				en,
				Base,
			);
			mainGroup = 8C429B141FA167810005753C;
			productRefGroup = 8C429B1E1FA167810005753C /* Products */;
			projectDirPath = "";
			projectRoot = "";
			targets = (
				8C429B1C1FA167810005753C /* siaApp */,
				8C429B301FA167810005753C /* siaAppTests */,
				8C429B3B1FA167810005753C /* siaAppUITests */,
			);
		};
/* End PBXProject section */

/* Begin PBXResourcesBuildPhase section */
		8C429B1B1FA167810005753C /* Resources */ = {
			isa = PBXResourcesBuildPhase;
			buildActionMask = 2147483647;
			files = (
				8C429B2B1FA167810005753C /* LaunchScreen.storyboard in Resources */,
				8C429B281FA167810005753C /* Assets.xcassets in Resources */,
				8C429B261FA167810005753C /* Main.storyboard in Resources */,
			);
			runOnlyForDeploymentPostprocessing = 0;
		};
		8C429B2F1FA167810005753C /* Resources */ = {
			isa = PBXResourcesBuildPhase;
			buildActionMask = 2147483647;
			files = (
			);
			runOnlyForDeploymentPostprocessing = 0;
		};
		8C429B3A1FA167810005753C /* Resources */ = {
			isa = PBXResourcesBuildPhase;
			buildActionMask = 2147483647;
			files = (
			);
			runOnlyForDeploymentPostprocessing = 0;
		};
/* End PBXResourcesBuildPhase section */

/* Begin PBXSourcesBuildPhase section */
		8C429B191FA167810005753C /* Sources */ = {
			isa = PBXSourcesBuildPhase;
			buildActionMask = 2147483647;
			files = (
				8C429B511FA16E900005753C /* ViewController.swift in Sources */,
				8C0CA9C51FA2E08C00FFA3E0 /* Box.swift in Sources */,
				8C429B211FA167810005753C /* AppDelegate.swift in Sources */,
				8CAFC57F1FA174F700ED24AD /* SphereNode.swift in Sources */,
			);
			runOnlyForDeploymentPostprocessing = 0;
		};
		8C429B2D1FA167810005753C /* Sources */ = {
			isa = PBXSourcesBuildPhase;
			buildActionMask = 2147483647;
			files = (
				8C429B361FA167810005753C /* siaAppTests.swift in Sources */,
			);
			runOnlyForDeploymentPostprocessing = 0;
		};
		8C429B381FA167810005753C /* Sources */ = {
			isa = PBXSourcesBuildPhase;
			buildActionMask = 2147483647;
			files = (
				8C429B411FA167810005753C /* siaAppUITests.swift in Sources */,
			);
			runOnlyForDeploymentPostprocessing = 0;
		};
/* End PBXSourcesBuildPhase section */

/* Begin PBXTargetDependency section */
		8C429B331FA167810005753C /* PBXTargetDependency */ = {
			isa = PBXTargetDependency;
			target = 8C429B1C1FA167810005753C /* siaApp */;
			targetProxy = 8C429B321FA167810005753C /* PBXContainerItemProxy */;
		};
		8C429B3E1FA167810005753C /* PBXTargetDependency */ = {
			isa = PBXTargetDependency;
			target = 8C429B1C1FA167810005753C /* siaApp */;
			targetProxy = 8C429B3D1FA167810005753C /* PBXContainerItemProxy */;
		};
/* End PBXTargetDependency section */

/* Begin PBXVariantGroup section */
		8C429B241FA167810005753C /* Main.storyboard */ = {
			isa = PBXVariantGroup;
			children = (
				8C429B251FA167810005753C /* Base */,
			);
			name = Main.storyboard;
			sourceTree = "<group>";
		};
		8C429B291FA167810005753C /* LaunchScreen.storyboard */ = {
			isa = PBXVariantGroup;
			children = (
				8C429B2A1FA167810005753C /* Base */,
			);
			name = LaunchScreen.storyboard;
			sourceTree = "<group>";
		};
/* End PBXVariantGroup section */

/* Begin XCBuildConfiguration section */
		8C429B431FA167810005753C /* Debug */ = {
			isa = XCBuildConfiguration;
			buildSettings = {
				ALWAYS_SEARCH_USER_PATHS = NO;
				CLANG_ANALYZER_NONNULL = YES;
				CLANG_ANALYZER_NUMBER_OBJECT_CONVERSION = YES_AGGRESSIVE;
				CLANG_CXX_LANGUAGE_STANDARD = "gnu++14";
				CLANG_CXX_LIBRARY = "libc++";
				CLANG_ENABLE_MODULES = YES;
				CLANG_ENABLE_OBJC_ARC = YES;
				CLANG_WARN_BLOCK_CAPTURE_AUTORELEASING = YES;
				CLANG_WARN_BOOL_CONVERSION = YES;
				CLANG_WARN_COMMA = YES;
				CLANG_WARN_CONSTANT_CONVERSION = YES;
				CLANG_WARN_DIRECT_OBJC_ISA_USAGE = YES_ERROR;
				CLANG_WARN_DOCUMENTATION_COMMENTS = YES;
				CLANG_WARN_EMPTY_BODY = YES;
				CLANG_WARN_ENUM_CONVERSION = YES;
				CLANG_WARN_INFINITE_RECURSION = YES;
				CLANG_WARN_INT_CONVERSION = YES;
				CLANG_WARN_NON_LITERAL_NULL_CONVERSION = YES;
				CLANG_WARN_OBJC_LITERAL_CONVERSION = YES;
				CLANG_WARN_OBJC_ROOT_CLASS = YES_ERROR;
				CLANG_WARN_RANGE_LOOP_ANALYSIS = YES;
				CLANG_WARN_STRICT_PROTOTYPES = YES;
				CLANG_WARN_SUSPICIOUS_MOVE = YES;
				CLANG_WARN_UNGUARDED_AVAILABILITY = YES_AGGRESSIVE;
				CLANG_WARN_UNREACHABLE_CODE = YES;
				CLANG_WARN__DUPLICATE_METHOD_MATCH = YES;
				CODE_SIGN_IDENTITY = "iPhone Developer";
				COPY_PHASE_STRIP = NO;
				DEBUG_INFORMATION_FORMAT = dwarf;
				ENABLE_STRICT_OBJC_MSGSEND = YES;
				ENABLE_TESTABILITY = YES;
				GCC_C_LANGUAGE_STANDARD = gnu11;
				GCC_DYNAMIC_NO_PIC = NO;
				GCC_NO_COMMON_BLOCKS = YES;
				GCC_OPTIMIZATION_LEVEL = 0;
				GCC_PREPROCESSOR_DEFINITIONS = (
					"DEBUG=1",
					"$(inherited)",
				);
				GCC_WARN_64_TO_32_BIT_CONVERSION = YES;
				GCC_WARN_ABOUT_RETURN_TYPE = YES_ERROR;
				GCC_WARN_UNDECLARED_SELECTOR = YES;
				GCC_WARN_UNINITIALIZED_AUTOS = YES_AGGRESSIVE;
				GCC_WARN_UNUSED_FUNCTION = YES;
				GCC_WARN_UNUSED_VARIABLE = YES;
				IPHONEOS_DEPLOYMENT_TARGET = 11.1;
				MTL_ENABLE_DEBUG_INFO = YES;
				ONLY_ACTIVE_ARCH = YES;
				SDKROOT = iphoneos;
				SWIFT_ACTIVE_COMPILATION_CONDITIONS = DEBUG;
				SWIFT_OPTIMIZATION_LEVEL = "-Onone";
			};
			name = Debug;
		};
		8C429B441FA167810005753C /* Release */ = {
			isa = XCBuildConfiguration;
			buildSettings = {
				ALWAYS_SEARCH_USER_PATHS = NO;
				CLANG_ANALYZER_NONNULL = YES;
				CLANG_ANALYZER_NUMBER_OBJECT_CONVERSION = YES_AGGRESSIVE;
				CLANG_CXX_LANGUAGE_STANDARD = "gnu++14";
				CLANG_CXX_LIBRARY = "libc++";
				CLANG_ENABLE_MODULES = YES;
				CLANG_ENABLE_OBJC_ARC = YES;
				CLANG_WARN_BLOCK_CAPTURE_AUTORELEASING = YES;
				CLANG_WARN_BOOL_CONVERSION = YES;
				CLANG_WARN_COMMA = YES;
				CLANG_WARN_CONSTANT_CONVERSION = YES;
				CLANG_WARN_DIRECT_OBJC_ISA_USAGE = YES_ERROR;
				CLANG_WARN_DOCUMENTATION_COMMENTS = YES;
				CLANG_WARN_EMPTY_BODY = YES;
				CLANG_WARN_ENUM_CONVERSION = YES;
				CLANG_WARN_INFINITE_RECURSION = YES;
				CLANG_WARN_INT_CONVERSION = YES;
				CLANG_WARN_NON_LITERAL_NULL_CONVERSION = YES;
				CLANG_WARN_OBJC_LITERAL_CONVERSION = YES;
				CLANG_WARN_OBJC_ROOT_CLASS = YES_ERROR;
				CLANG_WARN_RANGE_LOOP_ANALYSIS = YES;
				CLANG_WARN_STRICT_PROTOTYPES = YES;
				CLANG_WARN_SUSPICIOUS_MOVE = YES;
				CLANG_WARN_UNGUARDED_AVAILABILITY = YES_AGGRESSIVE;
				CLANG_WARN_UNREACHABLE_CODE = YES;
				CLANG_WARN__DUPLICATE_METHOD_MATCH = YES;
				CODE_SIGN_IDENTITY = "iPhone Developer";
				COPY_PHASE_STRIP = NO;
				DEBUG_INFORMATION_FORMAT = "dwarf-with-dsym";
				ENABLE_NS_ASSERTIONS = NO;
				ENABLE_STRICT_OBJC_MSGSEND = YES;
				GCC_C_LANGUAGE_STANDARD = gnu11;
				GCC_NO_COMMON_BLOCKS = YES;
				GCC_WARN_64_TO_32_BIT_CONVERSION = YES;
				GCC_WARN_ABOUT_RETURN_TYPE = YES_ERROR;
				GCC_WARN_UNDECLARED_SELECTOR = YES;
				GCC_WARN_UNINITIALIZED_AUTOS = YES_AGGRESSIVE;
				GCC_WARN_UNUSED_FUNCTION = YES;
				GCC_WARN_UNUSED_VARIABLE = YES;
				IPHONEOS_DEPLOYMENT_TARGET = 11.1;
				MTL_ENABLE_DEBUG_INFO = NO;
				SDKROOT = iphoneos;
				SWIFT_OPTIMIZATION_LEVEL = "-Owholemodule";
				VALIDATE_PRODUCT = YES;
			};
			name = Release;
		};
		8C429B461FA167810005753C /* Debug */ = {
			isa = XCBuildConfiguration;
			buildSettings = {
				ASSETCATALOG_COMPILER_APPICON_NAME = AppIcon;
				CODE_SIGN_STYLE = Automatic;
				DEVELOPMENT_TEAM = FPQ3M2362F;
				INFOPLIST_FILE = siaApp/Info.plist;
				IPHONEOS_DEPLOYMENT_TARGET = 11.0;
				LD_RUNPATH_SEARCH_PATHS = "$(inherited) @executable_path/Frameworks";
				PRODUCT_BUNDLE_IDENTIFIER = wy.siaApp;
				PRODUCT_NAME = "$(TARGET_NAME)";
				SWIFT_VERSION = 4.0;
				TARGETED_DEVICE_FAMILY = "1,2";
			};
			name = Debug;
		};
		8C429B471FA167810005753C /* Release */ = {
			isa = XCBuildConfiguration;
			buildSettings = {
				ASSETCATALOG_COMPILER_APPICON_NAME = AppIcon;
				CODE_SIGN_STYLE = Automatic;
				DEVELOPMENT_TEAM = FPQ3M2362F;
				INFOPLIST_FILE = siaApp/Info.plist;
				IPHONEOS_DEPLOYMENT_TARGET = 11.0;
				LD_RUNPATH_SEARCH_PATHS = "$(inherited) @executable_path/Frameworks";
				PRODUCT_BUNDLE_IDENTIFIER = wy.siaApp;
				PRODUCT_NAME = "$(TARGET_NAME)";
				SWIFT_VERSION = 4.0;
				TARGETED_DEVICE_FAMILY = "1,2";
			};
			name = Release;
		};
		8C429B491FA167810005753C /* Debug */ = {
			isa = XCBuildConfiguration;
			buildSettings = {
				ALWAYS_EMBED_SWIFT_STANDARD_LIBRARIES = YES;
				BUNDLE_LOADER = "$(TEST_HOST)";
				CODE_SIGN_STYLE = Automatic;
				INFOPLIST_FILE = siaAppTests/Info.plist;
				LD_RUNPATH_SEARCH_PATHS = "$(inherited) @executable_path/Frameworks @loader_path/Frameworks";
				PRODUCT_BUNDLE_IDENTIFIER = wy.siaAppTests;
				PRODUCT_NAME = "$(TARGET_NAME)";
				SWIFT_VERSION = 4.0;
				TARGETED_DEVICE_FAMILY = "1,2";
				TEST_HOST = "$(BUILT_PRODUCTS_DIR)/siaApp.app/siaApp";
			};
			name = Debug;
		};
		8C429B4A1FA167810005753C /* Release */ = {
			isa = XCBuildConfiguration;
			buildSettings = {
				ALWAYS_EMBED_SWIFT_STANDARD_LIBRARIES = YES;
				BUNDLE_LOADER = "$(TEST_HOST)";
				CODE_SIGN_STYLE = Automatic;
				INFOPLIST_FILE = siaAppTests/Info.plist;
				LD_RUNPATH_SEARCH_PATHS = "$(inherited) @executable_path/Frameworks @loader_path/Frameworks";
				PRODUCT_BUNDLE_IDENTIFIER = wy.siaAppTests;
				PRODUCT_NAME = "$(TARGET_NAME)";
				SWIFT_VERSION = 4.0;
				TARGETED_DEVICE_FAMILY = "1,2";
				TEST_HOST = "$(BUILT_PRODUCTS_DIR)/siaApp.app/siaApp";
			};
			name = Release;
		};
		8C429B4C1FA167810005753C /* Debug */ = {
			isa = XCBuildConfiguration;
			buildSettings = {
				ALWAYS_EMBED_SWIFT_STANDARD_LIBRARIES = YES;
				CODE_SIGN_STYLE = Automatic;
				INFOPLIST_FILE = siaAppUITests/Info.plist;
				LD_RUNPATH_SEARCH_PATHS = "$(inherited) @executable_path/Frameworks @loader_path/Frameworks";
				PRODUCT_BUNDLE_IDENTIFIER = wy.siaAppUITests;
				PRODUCT_NAME = "$(TARGET_NAME)";
				SWIFT_VERSION = 4.0;
				TARGETED_DEVICE_FAMILY = "1,2";
				TEST_TARGET_NAME = siaApp;
			};
			name = Debug;
		};
		8C429B4D1FA167810005753C /* Release */ = {
			isa = XCBuildConfiguration;
			buildSettings = {
				ALWAYS_EMBED_SWIFT_STANDARD_LIBRARIES = YES;
				CODE_SIGN_STYLE = Automatic;
				INFOPLIST_FILE = siaAppUITests/Info.plist;
				LD_RUNPATH_SEARCH_PATHS = "$(inherited) @executable_path/Frameworks @loader_path/Frameworks";
				PRODUCT_BUNDLE_IDENTIFIER = wy.siaAppUITests;
				PRODUCT_NAME = "$(TARGET_NAME)";
				SWIFT_VERSION = 4.0;
				TARGETED_DEVICE_FAMILY = "1,2";
				TEST_TARGET_NAME = siaApp;
			};
			name = Release;
		};
/* End XCBuildConfiguration section */

/* Begin XCConfigurationList section */
		8C429B181FA167810005753C /* Build configuration list for PBXProject "siaApp" */ = {
			isa = XCConfigurationList;
			buildConfigurations = (
				8C429B431FA167810005753C /* Debug */,
				8C429B441FA167810005753C /* Release */,
			);
			defaultConfigurationIsVisible = 0;
			defaultConfigurationName = Release;
		};
		8C429B451FA167810005753C /* Build configuration list for PBXNativeTarget "siaApp" */ = {
			isa = XCConfigurationList;
			buildConfigurations = (
				8C429B461FA167810005753C /* Debug */,
				8C429B471FA167810005753C /* Release */,
			);
			defaultConfigurationIsVisible = 0;
			defaultConfigurationName = Release;
		};
		8C429B481FA167810005753C /* Build configuration list for PBXNativeTarget "siaAppTests" */ = {
			isa = XCConfigurationList;
			buildConfigurations = (
				8C429B491FA167810005753C /* Debug */,
				8C429B4A1FA167810005753C /* Release */,
			);
			defaultConfigurationIsVisible = 0;
			defaultConfigurationName = Release;
		};
		8C429B4B1FA167810005753C /* Build configuration list for PBXNativeTarget "siaAppUITests" */ = {
			isa = XCConfigurationList;
			buildConfigurations = (
				8C429B4C1FA167810005753C /* Debug */,
				8C429B4D1FA167810005753C /* Release */,
			);
			defaultConfigurationIsVisible = 0;
			defaultConfigurationName = Release;
		};
/* End XCConfigurationList section */
	};
	rootObject = 8C429B151FA167810005753C /* Project object */;
}
